
Microsoft Visual Studio Solution File, Format Version 12.00
# Visual Studio Version 17
VisualStudioVersion = 17.0.31912.275
MinimumVisualStudioVersion = 10.0.40219.1
Project("{9A19103F-16F7-4668-BE54-9A1E7A4F7556}") = "RFC.Connector.Tester", "RFC.Connector.Tester\RFC.Connector.Tester.csproj", "{62F40401-4EB7-4834-9B78-36C82DBF7FED}"
EndProject
Project("{9A19103F-16F7-4668-BE54-9A1E7A4F7556}") = "RFC.Connector.Web", "RFC.Connector.Web\RFC.Connector.Web.csproj", "{01ED5591-2CEE-4210-8E27-DDA0D9D2E360}"
EndProject
Project("{9A19103F-16F7-4668-BE54-9A1E7A4F7556}") = "RFC.Common", "RFC.Common\RFC.Common.csproj", "{CE202FCE-B2C2-42D0-8F8F-A4B80EB73449}"
EndProject
Project("{2150E333-8FDC-42A3-9474-1A3956D46DE8}") = "Tests", "Tests", "{6B9B0904-0A08-4669-970D-0FA2390997DF}"
EndProject
Project("{9A19103F-16F7-4668-BE54-9A1E7A4F7556}") = "RFC.Common.UnitTests", "test\RFC.Common.UnitTests\RFC.Common.UnitTests.csproj", "{6511C9B2-ADAB-474F-8DE8-B9C17F46680A}"
EndProject
Project("{FAE04EC0-301F-11D3-BF4B-00C04F79EFBC}") = "Sap.Conn.Service", "Sap.Conn.Service\Sap.Conn.Service.csproj", "{87C857A8-9A62-4122-B2BE-E03A2305D312}"
EndProject
Project("{FAE04EC0-301F-11D3-BF4B-00C04F79EFBC}") = "BHSW2_2.Pinion.DataService", "BHSW2_2.Pinion.DataService\BHSW2_2.Pinion.DataService.csproj", "{1BC5A3F6-FF13-4EB3-BEAA-487F0E8E12C8}"
EndProject
Global
	GlobalSection(SolutionConfigurationPlatforms) = preSolution
		Debug|Any CPU = Debug|Any CPU
		Debug|x86 = Debug|x86
		Release|Any CPU = Release|Any CPU
		Release|x86 = Release|x86
	EndGlobalSection
	GlobalSection(ProjectConfigurationPlatforms) = postSolution
		{62F40401-4EB7-4834-9B78-36C82DBF7FED}.Debug|Any CPU.ActiveCfg = Debug|Any CPU
		{62F40401-4EB7-4834-9B78-36C82DBF7FED}.Debug|Any CPU.Build.0 = Debug|Any CPU
		{62F40401-4EB7-4834-9B78-36C82DBF7FED}.Debug|x86.ActiveCfg = Debug|x86
		{62F40401-4EB7-4834-9B78-36C82DBF7FED}.Debug|x86.Build.0 = Debug|x86
		{62F40401-4EB7-4834-9B78-36C82DBF7FED}.Release|Any CPU.ActiveCfg = Release|Any CPU
		{62F40401-4EB7-4834-9B78-36C82DBF7FED}.Release|Any CPU.Build.0 = Release|Any CPU
		{62F40401-4EB7-4834-9B78-36C82DBF7FED}.Release|x86.ActiveCfg = Release|x86
		{62F40401-4EB7-4834-9B78-36C82DBF7FED}.Release|x86.Build.0 = Release|x86
		{01ED5591-2CEE-4210-8E27-DDA0D9D2E360}.Debug|Any CPU.ActiveCfg = Debug|Any CPU
		{01ED5591-2CEE-4210-8E27-DDA0D9D2E360}.Debug|Any CPU.Build.0 = Debug|Any CPU
		{01ED5591-2CEE-4210-8E27-DDA0D9D2E360}.Debug|x86.ActiveCfg = Debug|x86
		{01ED5591-2CEE-4210-8E27-DDA0D9D2E360}.Debug|x86.Build.0 = Debug|x86
		{01ED5591-2CEE-4210-8E27-DDA0D9D2E360}.Release|Any CPU.ActiveCfg = Release|Any CPU
		{01ED5591-2CEE-4210-8E27-DDA0D9D2E360}.Release|Any CPU.Build.0 = Release|Any CPU
		{01ED5591-2CEE-4210-8E27-DDA0D9D2E360}.Release|x86.ActiveCfg = Release|Any CPU
		{01ED5591-2CEE-4210-8E27-DDA0D9D2E360}.Release|x86.Build.0 = Release|Any CPU
		{CE202FCE-B2C2-42D0-8F8F-A4B80EB73449}.Debug|Any CPU.ActiveCfg = Debug|Any CPU
		{CE202FCE-B2C2-42D0-8F8F-A4B80EB73449}.Debug|Any CPU.Build.0 = Debug|Any CPU
		{CE202FCE-B2C2-42D0-8F8F-A4B80EB73449}.Debug|x86.ActiveCfg = Debug|x86
		{CE202FCE-B2C2-42D0-8F8F-A4B80EB73449}.Debug|x86.Build.0 = Debug|x86
		{CE202FCE-B2C2-42D0-8F8F-A4B80EB73449}.Release|Any CPU.ActiveCfg = Release|Any CPU
		{CE202FCE-B2C2-42D0-8F8F-A4B80EB73449}.Release|Any CPU.Build.0 = Release|Any CPU
		{CE202FCE-B2C2-42D0-8F8F-A4B80EB73449}.Release|x86.ActiveCfg = Release|Any CPU
		{CE202FCE-B2C2-42D0-8F8F-A4B80EB73449}.Release|x86.Build.0 = Release|Any CPU
		{6511C9B2-ADAB-474F-8DE8-B9C17F46680A}.Debug|Any CPU.ActiveCfg = Debug|Any CPU
		{6511C9B2-ADAB-474F-8DE8-B9C17F46680A}.Debug|Any CPU.Build.0 = Debug|Any CPU
		{6511C9B2-ADAB-474F-8DE8-B9C17F46680A}.Debug|x86.ActiveCfg = Debug|Any CPU
		{6511C9B2-ADAB-474F-8DE8-B9C17F46680A}.Debug|x86.Build.0 = Debug|Any CPU
		{6511C9B2-ADAB-474F-8DE8-B9C17F46680A}.Release|Any CPU.ActiveCfg = Release|Any CPU
		{6511C9B2-ADAB-474F-8DE8-B9C17F46680A}.Release|Any CPU.Build.0 = Release|Any CPU
		{6511C9B2-ADAB-474F-8DE8-B9C17F46680A}.Release|x86.ActiveCfg = Release|Any CPU
		{6511C9B2-ADAB-474F-8DE8-B9C17F46680A}.Release|x86.Build.0 = Release|Any CPU
		{87C857A8-9A62-4122-B2BE-E03A2305D312}.Debug|Any CPU.ActiveCfg = Debug|Any CPU
		{87C857A8-9A62-4122-B2BE-E03A2305D312}.Debug|Any CPU.Build.0 = Debug|Any CPU
		{87C857A8-9A62-4122-B2BE-E03A2305D312}.Debug|x86.ActiveCfg = Debug|x86
		{87C857A8-9A62-4122-B2BE-E03A2305D312}.Debug|x86.Build.0 = Debug|x86
		{87C857A8-9A62-4122-B2BE-E03A2305D312}.Release|Any CPU.ActiveCfg = Release|Any CPU
		{87C857A8-9A62-4122-B2BE-E03A2305D312}.Release|Any CPU.Build.0 = Release|Any CPU
		{87C857A8-9A62-4122-B2BE-E03A2305D312}.Release|x86.ActiveCfg = Release|x86
		{87C857A8-9A62-4122-B2BE-E03A2305D312}.Release|x86.Build.0 = Release|x86
		{1BC5A3F6-FF13-4EB3-BEAA-487F0E8E12C8}.Debug|Any CPU.ActiveCfg = Debug|Any CPU
		{1BC5A3F6-FF13-4EB3-BEAA-487F0E8E12C8}.Debug|Any CPU.Build.0 = Debug|Any CPU
		{1BC5A3F6-FF13-4EB3-BEAA-487F0E8E12C8}.Debug|x86.ActiveCfg = Debug|Any CPU
		{1BC5A3F6-FF13-4EB3-BEAA-487F0E8E12C8}.Debug|x86.Build.0 = Debug|Any CPU
		{1BC5A3F6-FF13-4EB3-BEAA-487F0E8E12C8}.Release|Any CPU.ActiveCfg = Release|Any CPU
		{1BC5A3F6-FF13-4EB3-BEAA-487F0E8E12C8}.Release|Any CPU.Build.0 = Release|Any CPU
		{1BC5A3F6-FF13-4EB3-BEAA-487F0E8E12C8}.Release|x86.ActiveCfg = Release|Any CPU
		{1BC5A3F6-FF13-4EB3-BEAA-487F0E8E12C8}.Release|x86.Build.0 = Release|Any CPU
	EndGlobalSection
	GlobalSection(SolutionProperties) = preSolution
		HideSolutionNode = FALSE
	EndGlobalSection
	GlobalSection(NestedProjects) = preSolution
		{6511C9B2-ADAB-474F-8DE8-B9C17F46680A} = {6B9B0904-0A08-4669-970D-0FA2390997DF}
	EndGlobalSection
	GlobalSection(ExtensibilityGlobals) = postSolution
		SolutionGuid = {560DDE13-2483-4CA7-BDDF-A987A8FA6AF6}
	EndGlobalSection
EndGlobal
